// !$*UTF8*$!
{
	archiveVersion = 1;
	classes = {
	};
	objectVersion = 50;
	objects = {

/* Begin PBXBuildFile section */
		B2C308B82335D6E900015EA2 /* AppDelegate.swift in Sources */ = {isa = PBXBuildFile; fileRef = B2C308B72335D6E900015EA2 /* AppDelegate.swift */; };
		B2C308C12335D6EB00015EA2 /* Assets.xcassets in Resources */ = {isa = PBXBuildFile; fileRef = B2C308C02335D6EB00015EA2 /* Assets.xcassets */; };
		B2C308C42335D6EB00015EA2 /* LaunchScreen.storyboard in Resources */ = {isa = PBXBuildFile; fileRef = B2C308C22335D6EB00015EA2 /* LaunchScreen.storyboard */; };
		B2C308D223364C2D00015EA2 /* FirstViewController.swift in Sources */ = {isa = PBXBuildFile; fileRef = B2C308D123364C2D00015EA2 /* FirstViewController.swift */; };
		B2C308D423364C5700015EA2 /* SecondViewController.swift in Sources */ = {isa = PBXBuildFile; fileRef = B2C308D323364C5700015EA2 /* SecondViewController.swift */; };
		B2C308D623364C7D00015EA2 /* ThirdViewController.swift in Sources */ = {isa = PBXBuildFile; fileRef = B2C308D523364C7D00015EA2 /* ThirdViewController.swift */; };
		B2C308D823364C9B00015EA2 /* FirstViewModel.swift in Sources */ = {isa = PBXBuildFile; fileRef = B2C308D723364C9B00015EA2 /* FirstViewModel.swift */; };
		B2C308DA23364CBA00015EA2 /* SecondViewModel.swift in Sources */ = {isa = PBXBuildFile; fileRef = B2C308D923364CBA00015EA2 /* SecondViewModel.swift */; };
		B2C308DC23364CDB00015EA2 /* ThirdViewModel.swift in Sources */ = {isa = PBXBuildFile; fileRef = B2C308DB23364CDB00015EA2 /* ThirdViewModel.swift */; };
		B2C308DE23364DE900015EA2 /* NavigationController.swift in Sources */ = {isa = PBXBuildFile; fileRef = B2C308DD23364DE900015EA2 /* NavigationController.swift */; };
		B2C308E1233662AE00015EA2 /* Button.swift in Sources */ = {isa = PBXBuildFile; fileRef = B2C308E0233662AE00015EA2 /* Button.swift */; };
		B2E2BB6023366AD90016B91C /* UIKit.framework in Frameworks */ = {isa = PBXBuildFile; fileRef = B2E2BB5F23366AD90016B91C /* UIKit.framework */; };
/* End PBXBuildFile section */

/* Begin PBXFileReference section */
		B2C308B42335D6E900015EA2 /* RVVM.app */ = {isa = PBXFileReference; explicitFileType = wrapper.application; includeInIndex = 0; path = RVVM.app; sourceTree = BUILT_PRODUCTS_DIR; };
		B2C308B72335D6E900015EA2 /* AppDelegate.swift */ = {isa = PBXFileReference; lastKnownFileType = sourcecode.swift; path = AppDelegate.swift; sourceTree = "<group>"; };
		B2C308C02335D6EB00015EA2 /* Assets.xcassets */ = {isa = PBXFileReference; lastKnownFileType = folder.assetcatalog; path = Assets.xcassets; sourceTree = "<group>"; };
		B2C308C32335D6EB00015EA2 /* Base */ = {isa = PBXFileReference; lastKnownFileType = file.storyboard; name = Base; path = Base.lproj/LaunchScreen.storyboard; sourceTree = "<group>"; };
		B2C308C52335D6EB00015EA2 /* Info.plist */ = {isa = PBXFileReference; lastKnownFileType = text.plist.xml; path = Info.plist; sourceTree = "<group>"; };
		B2C308D123364C2D00015EA2 /* FirstViewController.swift */ = {isa = PBXFileReference; lastKnownFileType = sourcecode.swift; path = FirstViewController.swift; sourceTree = "<group>"; };
		B2C308D323364C5700015EA2 /* SecondViewController.swift */ = {isa = PBXFileReference; lastKnownFileType = sourcecode.swift; path = SecondViewController.swift; sourceTree = "<group>"; };
		B2C308D523364C7D00015EA2 /* ThirdViewController.swift */ = {isa = PBXFileReference; lastKnownFileType = sourcecode.swift; path = ThirdViewController.swift; sourceTree = "<group>"; };
		B2C308D723364C9B00015EA2 /* FirstViewModel.swift */ = {isa = PBXFileReference; lastKnownFileType = sourcecode.swift; path = FirstViewModel.swift; sourceTree = "<group>"; };
		B2C308D923364CBA00015EA2 /* SecondViewModel.swift */ = {isa = PBXFileReference; lastKnownFileType = sourcecode.swift; path = SecondViewModel.swift; sourceTree = "<group>"; };
		B2C308DB23364CDB00015EA2 /* ThirdViewModel.swift */ = {isa = PBXFileReference; lastKnownFileType = sourcecode.swift; path = ThirdViewModel.swift; sourceTree = "<group>"; };
		B2C308DD23364DE900015EA2 /* NavigationController.swift */ = {isa = PBXFileReference; lastKnownFileType = sourcecode.swift; path = NavigationController.swift; sourceTree = "<group>"; };
		B2C308E0233662AE00015EA2 /* Button.swift */ = {isa = PBXFileReference; lastKnownFileType = sourcecode.swift; path = Button.swift; sourceTree = "<group>"; };
		B2E2BB5F23366AD90016B91C /* UIKit.framework */ = {isa = PBXFileReference; lastKnownFileType = wrapper.framework; name = UIKit.framework; path = System/Library/Frameworks/UIKit.framework; sourceTree = SDKROOT; };
/* End PBXFileReference section */

/* Begin PBXFrameworksBuildPhase section */
		B2C308B12335D6E900015EA2 /* Frameworks */ = {
			isa = PBXFrameworksBuildPhase;
			buildActionMask = 2147483647;
			files = (
				B2E2BB6023366AD90016B91C /* UIKit.framework in Frameworks */,
			);
			runOnlyForDeploymentPostprocessing = 0;
		};
/* End PBXFrameworksBuildPhase section */

/* Begin PBXGroup section */
		B2C308AB2335D6E900015EA2 = {
			isa = PBXGroup;
			children = (
				B2C308B62335D6E900015EA2 /* RVVM */,
				B2C308B52335D6E900015EA2 /* Products */,
				B2E2BB5E23366AD90016B91C /* Frameworks */,
			);
			sourceTree = "<group>";
		};
		B2C308B52335D6E900015EA2 /* Products */ = {
			isa = PBXGroup;
			children = (
				B2C308B42335D6E900015EA2 /* RVVM.app */,
			);
			name = Products;
			sourceTree = "<group>";
		};
		B2C308B62335D6E900015EA2 /* RVVM */ = {
			isa = PBXGroup;
			children = (
				B2C308DF2336629900015EA2 /* Global */,
				B2C308CD23364BE200015EA2 /* Scenes */,
				B2C308C02335D6EB00015EA2 /* Assets.xcassets */,
				B2C308C22335D6EB00015EA2 /* LaunchScreen.storyboard */,
				B2C308C52335D6EB00015EA2 /* Info.plist */,
			);
			path = RVVM;
			sourceTree = "<group>";
		};
		B2C308CD23364BE200015EA2 /* Scenes */ = {
			isa = PBXGroup;
			children = (
				B2C308CE23364BEE00015EA2 /* First */,
				B2C308CF23364BF800015EA2 /* Second */,
				B2C308D023364C0100015EA2 /* Third */,
				B2C308DD23364DE900015EA2 /* NavigationController.swift */,
			);
			path = Scenes;
			sourceTree = "<group>";
		};
		B2C308CE23364BEE00015EA2 /* First */ = {
			isa = PBXGroup;
			children = (
				B2C308D123364C2D00015EA2 /* FirstViewController.swift */,
				B2C308D723364C9B00015EA2 /* FirstViewModel.swift */,
			);
			path = First;
			sourceTree = "<group>";
		};
		B2C308CF23364BF800015EA2 /* Second */ = {
			isa = PBXGroup;
			children = (
				B2C308D323364C5700015EA2 /* SecondViewController.swift */,
				B2C308D923364CBA00015EA2 /* SecondViewModel.swift */,
			);
			path = Second;
			sourceTree = "<group>";
		};
		B2C308D023364C0100015EA2 /* Third */ = {
			isa = PBXGroup;
			children = (
				B2C308D523364C7D00015EA2 /* ThirdViewController.swift */,
				B2C308DB23364CDB00015EA2 /* ThirdViewModel.swift */,
			);
			path = Third;
			sourceTree = "<group>";
		};
		B2C308DF2336629900015EA2 /* Global */ = {
			isa = PBXGroup;
			children = (
				B2C308B72335D6E900015EA2 /* AppDelegate.swift */,
				B2C308E0233662AE00015EA2 /* Button.swift */,
			);
			path = Global;
			sourceTree = "<group>";
		};
		B2E2BB5E23366AD90016B91C /* Frameworks */ = {
			isa = PBXGroup;
			children = (
				B2E2BB5F23366AD90016B91C /* UIKit.framework */,
			);
			name = Frameworks;
			sourceTree = "<group>";
		};
/* End PBXGroup section */

/* Begin PBXNativeTarget section */
		B2C308B32335D6E900015EA2 /* RVVM */ = {
			isa = PBXNativeTarget;
			buildConfigurationList = B2C308C82335D6EB00015EA2 /* Build configuration list for PBXNativeTarget "RVVM" */;
			buildPhases = (
				B2C308B02335D6E900015EA2 /* Sources */,
				B2C308B12335D6E900015EA2 /* Frameworks */,
				B2C308B22335D6E900015EA2 /* Resources */,
			);
			buildRules = (
			);
			dependencies = (
			);
			name = RVVM;
			productName = RVVM;
			productReference = B2C308B42335D6E900015EA2 /* RVVM.app */;
			productType = "com.apple.product-type.application";
		};
/* End PBXNativeTarget section */

/* Begin PBXProject section */
		B2C308AC2335D6E900015EA2 /* Project object */ = {
			isa = PBXProject;
			attributes = {
				LastSwiftUpdateCheck = 1100;
				LastUpgradeCheck = 1100;
				ORGANIZATIONNAME = "Digices LLC";
				TargetAttributes = {
					B2C308B32335D6E900015EA2 = {
						CreatedOnToolsVersion = 11.0;
					};
				};
			};
			buildConfigurationList = B2C308AF2335D6E900015EA2 /* Build configuration list for PBXProject "RVVM" */;
			compatibilityVersion = "Xcode 9.3";
			developmentRegion = en;
			hasScannedForEncodings = 0;
			knownRegions = (
				en,
				Base,
			);
			mainGroup = B2C308AB2335D6E900015EA2;
			productRefGroup = B2C308B52335D6E900015EA2 /* Products */;
			projectDirPath = "";
			projectRoot = "";
			targets = (
				B2C308B32335D6E900015EA2 /* RVVM */,
			);
		};
/* End PBXProject section */

/* Begin PBXResourcesBuildPhase section */
		B2C308B22335D6E900015EA2 /* Resources */ = {
			isa = PBXResourcesBuildPhase;
			buildActionMask = 2147483647;
			files = (
				B2C308C42335D6EB00015EA2 /* LaunchScreen.storyboard in Resources */,
				B2C308C12335D6EB00015EA2 /* Assets.xcassets in Resources */,
			);
			runOnlyForDeploymentPostprocessing = 0;
		};
/* End PBXResourcesBuildPhase section */

/* Begin PBXSourcesBuildPhase section */
		B2C308B02335D6E900015EA2 /* Sources */ = {
			isa = PBXSourcesBuildPhase;
			buildActionMask = 2147483647;
			files = (
				B2C308D423364C5700015EA2 /* SecondViewController.swift in Sources */,
				B2C308DE23364DE900015EA2 /* NavigationController.swift in Sources */,
				B2C308D823364C9B00015EA2 /* FirstViewModel.swift in Sources */,
				B2C308B82335D6E900015EA2 /* AppDelegate.swift in Sources */,
				B2C308DC23364CDB00015EA2 /* ThirdViewModel.swift in Sources */,
				B2C308D623364C7D00015EA2 /* ThirdViewController.swift in Sources */,
				B2C308DA23364CBA00015EA2 /* SecondViewModel.swift in Sources */,
				B2C308E1233662AE00015EA2 /* Button.swift in Sources */,
				B2C308D223364C2D00015EA2 /* FirstViewController.swift in Sources */,
			);
			runOnlyForDeploymentPostprocessing = 0;
		};
/* End PBXSourcesBuildPhase section */

/* Begin PBXVariantGroup section */
		B2C308C22335D6EB00015EA2 /* LaunchScreen.storyboard */ = {
			isa = PBXVariantGroup;
			children = (
				B2C308C32335D6EB00015EA2 /* Base */,
			);
			name = LaunchScreen.storyboard;
			sourceTree = "<group>";
		};
/* End PBXVariantGroup section */

/* Begin XCBuildConfiguration section */
		B2C308C62335D6EB00015EA2 /* Debug */ = {
			isa = XCBuildConfiguration;
			buildSettings = {
				ALWAYS_SEARCH_USER_PATHS = NO;
				CLANG_ANALYZER_NONNULL = YES;
				CLANG_ANALYZER_NUMBER_OBJECT_CONVERSION = YES_AGGRESSIVE;
				CLANG_CXX_LANGUAGE_STANDARD = "gnu++14";
				CLANG_CXX_LIBRARY = "libc++";
				CLANG_ENABLE_MODULES = YES;
				CLANG_ENABLE_OBJC_ARC = YES;
				CLANG_ENABLE_OBJC_WEAK = YES;
				CLANG_WARN_BLOCK_CAPTURE_AUTORELEASING = YES;
				CLANG_WARN_BOOL_CONVERSION = YES;
				CLANG_WARN_COMMA = YES;
				CLANG_WARN_CONSTANT_CONVERSION = YES;
				CLANG_WARN_DEPRECATED_OBJC_IMPLEMENTATIONS = YES;
				CLANG_WARN_DIRECT_OBJC_ISA_USAGE = YES_ERROR;
				CLANG_WARN_DOCUMENTATION_COMMENTS = YES;
				CLANG_WARN_EMPTY_BODY = YES;
				CLANG_WARN_ENUM_CONVERSION = YES;
				CLANG_WARN_INFINITE_RECURSION = YES;
				CLANG_WARN_INT_CONVERSION = YES;
				CLANG_WARN_NON_LITERAL_NULL_CONVERSION = YES;
				CLANG_WARN_OBJC_IMPLICIT_RETAIN_SELF = YES;
				CLANG_WARN_OBJC_LITERAL_CONVERSION = YES;
				CLANG_WARN_OBJC_ROOT_CLASS = YES_ERROR;
				CLANG_WARN_RANGE_LOOP_ANALYSIS = YES;
				CLANG_WARN_STRICT_PROTOTYPES = YES;
				CLANG_WARN_SUSPICIOUS_MOVE = YES;
				CLANG_WARN_UNGUARDED_AVAILABILITY = YES_AGGRESSIVE;
				CLANG_WARN_UNREACHABLE_CODE = YES;
				CLANG_WARN__DUPLICATE_METHOD_MATCH = YES;
				COPY_PHASE_STRIP = NO;
				DEBUG_INFORMATION_FORMAT = dwarf;
				ENABLE_STRICT_OBJC_MSGSEND = YES;
				ENABLE_TESTABILITY = YES;
				GCC_C_LANGUAGE_STANDARD = gnu11;
				GCC_DYNAMIC_NO_PIC = NO;
				GCC_NO_COMMON_BLOCKS = YES;
				GCC_OPTIMIZATION_LEVEL = 0;
				GCC_PREPROCESSOR_DEFINITIONS = (
					"DEBUG=1",
					"$(inherited)",
				);
				GCC_WARN_64_TO_32_BIT_CONVERSION = YES;
				GCC_WARN_ABOUT_RETURN_TYPE = YES_ERROR;
				GCC_WARN_UNDECLARED_SELECTOR = YES;
				GCC_WARN_UNINITIALIZED_AUTOS = YES_AGGRESSIVE;
				GCC_WARN_UNUSED_FUNCTION = YES;
				GCC_WARN_UNUSED_VARIABLE = YES;
				IPHONEOS_DEPLOYMENT_TARGET = 13.0;
				MTL_ENABLE_DEBUG_INFO = INCLUDE_SOURCE;
				MTL_FAST_MATH = YES;
				ONLY_ACTIVE_ARCH = YES;
				SDKROOT = iphoneos;
				SWIFT_ACTIVE_COMPILATION_CONDITIONS = DEBUG;
				SWIFT_OPTIMIZATION_LEVEL = "-Onone";
			};
			name = Debug;
		};
		B2C308C72335D6EB00015EA2 /* Release */ = {
			isa = XCBuildConfiguration;
			buildSettings = {
				ALWAYS_SEARCH_USER_PATHS = NO;
				CLANG_ANALYZER_NONNULL = YES;
				CLANG_ANALYZER_NUMBER_OBJECT_CONVERSION = YES_AGGRESSIVE;
				CLANG_CXX_LANGUAGE_STANDARD = "gnu++14";
				CLANG_CXX_LIBRARY = "libc++";
				CLANG_ENABLE_MODULES = YES;
				CLANG_ENABLE_OBJC_ARC = YES;
				CLANG_ENABLE_OBJC_WEAK = YES;
				CLANG_WARN_BLOCK_CAPTURE_AUTORELEASING = YES;
				CLANG_WARN_BOOL_CONVERSION = YES;
				CLANG_WARN_COMMA = YES;
				CLANG_WARN_CONSTANT_CONVERSION = YES;
				CLANG_WARN_DEPRECATED_OBJC_IMPLEMENTATIONS = YES;
				CLANG_WARN_DIRECT_OBJC_ISA_USAGE = YES_ERROR;
				CLANG_WARN_DOCUMENTATION_COMMENTS = YES;
				CLANG_WARN_EMPTY_BODY = YES;
				CLANG_WARN_ENUM_CONVERSION = YES;
				CLANG_WARN_INFINITE_RECURSION = YES;
				CLANG_WARN_INT_CONVERSION = YES;
				CLANG_WARN_NON_LITERAL_NULL_CONVERSION = YES;
				CLANG_WARN_OBJC_IMPLICIT_RETAIN_SELF = YES;
				CLANG_WARN_OBJC_LITERAL_CONVERSION = YES;
				CLANG_WARN_OBJC_ROOT_CLASS = YES_ERROR;
				CLANG_WARN_RANGE_LOOP_ANALYSIS = YES;
				CLANG_WARN_STRICT_PROTOTYPES = YES;
				CLANG_WARN_SUSPICIOUS_MOVE = YES;
				CLANG_WARN_UNGUARDED_AVAILABILITY = YES_AGGRESSIVE;
				CLANG_WARN_UNREACHABLE_CODE = YES;
				CLANG_WARN__DUPLICATE_METHOD_MATCH = YES;
				COPY_PHASE_STRIP = NO;
				DEBUG_INFORMATION_FORMAT = "dwarf-with-dsym";
				ENABLE_NS_ASSERTIONS = NO;
				ENABLE_STRICT_OBJC_MSGSEND = YES;
				GCC_C_LANGUAGE_STANDARD = gnu11;
				GCC_NO_COMMON_BLOCKS = YES;
				GCC_WARN_64_TO_32_BIT_CONVERSION = YES;
				GCC_WARN_ABOUT_RETURN_TYPE = YES_ERROR;
				GCC_WARN_UNDECLARED_SELECTOR = YES;
				GCC_WARN_UNINITIALIZED_AUTOS = YES_AGGRESSIVE;
				GCC_WARN_UNUSED_FUNCTION = YES;
				GCC_WARN_UNUSED_VARIABLE = YES;
				IPHONEOS_DEPLOYMENT_TARGET = 13.0;
				MTL_ENABLE_DEBUG_INFO = NO;
				MTL_FAST_MATH = YES;
				SDKROOT = iphoneos;
				SWIFT_COMPILATION_MODE = wholemodule;
				SWIFT_OPTIMIZATION_LEVEL = "-O";
				VALIDATE_PRODUCT = YES;
			};
			name = Release;
		};
		B2C308C92335D6EB00015EA2 /* Debug */ = {
			isa = XCBuildConfiguration;
			buildSettings = {
				ASSETCATALOG_COMPILER_APPICON_NAME = AppIcon;
				CODE_SIGN_STYLE = Automatic;
				DEVELOPMENT_TEAM = 45Y45YV878;
				INFOPLIST_FILE = RVVM/Info.plist;
				IPHONEOS_DEPLOYMENT_TARGET = 11.4;
				LD_RUNPATH_SEARCH_PATHS = (
					"$(inherited)",
					"@executable_path/Frameworks",
				);
				PRODUCT_BUNDLE_IDENTIFIER = com.digices.RVVM;
				PRODUCT_NAME = "$(TARGET_NAME)";
				SWIFT_VERSION = 5.0;
				TARGETED_DEVICE_FAMILY = "1,2";
			};
			name = Debug;
		};
		B2C308CA2335D6EB00015EA2 /* Release */ = {
			isa = XCBuildConfiguration;
			buildSettings = {
				ASSETCATALOG_COMPILER_APPICON_NAME = AppIcon;
				CODE_SIGN_STYLE = Automatic;
				DEVELOPMENT_TEAM = 45Y45YV878;
				INFOPLIST_FILE = RVVM/Info.plist;
				IPHONEOS_DEPLOYMENT_TARGET = 11.4;
				LD_RUNPATH_SEARCH_PATHS = (
					"$(inherited)",
					"@executable_path/Frameworks",
				);
				PRODUCT_BUNDLE_IDENTIFIER = com.digices.RVVM;
				PRODUCT_NAME = "$(TARGET_NAME)";
				SWIFT_VERSION = 5.0;
				TARGETED_DEVICE_FAMILY = "1,2";
			};
			name = Release;
		};
/* End XCBuildConfiguration section */

/* Begin XCConfigurationList section */
		B2C308AF2335D6E900015EA2 /* Build configuration list for PBXProject "RVVM" */ = {
			isa = XCConfigurationList;
			buildConfigurations = (
				B2C308C62335D6EB00015EA2 /* Debug */,
				B2C308C72335D6EB00015EA2 /* Release */,
			);
			defaultConfigurationIsVisible = 0;
			defaultConfigurationName = Release;
		};
		B2C308C82335D6EB00015EA2 /* Build configuration list for PBXNativeTarget "RVVM" */ = {
			isa = XCConfigurationList;
			buildConfigurations = (
				B2C308C92335D6EB00015EA2 /* Debug */,
				B2C308CA2335D6EB00015EA2 /* Release */,
			);
			defaultConfigurationIsVisible = 0;
			defaultConfigurationName = Release;
		};
/* End XCConfigurationList section */
	};
	rootObject = B2C308AC2335D6E900015EA2 /* Project object */;
}
